<?xml version="1.0" encoding="utf-8"?>
<Project ToolsVersion="4.0" xmlns="http://schemas.microsoft.com/developer/msbuild/2003">
  <ItemGroup>
    <Filter Include="Source Files">
      <UniqueIdentifier>{4FC737F1-C7A5-4376-A066-2A32D752A2FF}</UniqueIdentifier>
      <Extensions>cpp;c;cc;cxx;c++;cppm;ixx;def;odl;idl;hpj;bat;asm;asmx</Extensions>
    </Filter>
    <Filter Include="Header Files">
      <UniqueIdentifier>{93995380-89BD-4b04-88EB-625FBE52EBFB}</UniqueIdentifier>
      <Extensions>h;hh;hpp;hxx;h++;hm;inl;inc;ipp;xsd</Extensions>
    </Filter>
    <Filter Include="Resource Files">
      <UniqueIdentifier>{67DA6AB6-F800-4c08-8B7A-83BB121AAD01}</UniqueIdentifier>
      <Extensions>rc;ico;cur;bmp;dlg;rc2;rct;bin;rgs;gif;jpg;jpeg;jpe;resx;tiff;tif;png;wav;mfcribbon-ms</Extensions>
    </Filter>
    <Filter Include="Source Files\Utility">
      <UniqueIdentifier>{2c65124b-42ac-4717-8d0d-70b557791034}</UniqueIdentifier>
    </Filter>
    <Filter Include="Header Files\Utility">
      <UniqueIdentifier>{8145e439-c0d4-4fc4-b6f4-128eb1b7fa59}</UniqueIdentifier>
    </Filter>
    <Filter Include="Resource Files\Shaders">
      <UniqueIdentifier>{1a18da9a-f188-4bf0-a9b4-4ab95990f6e5}</UniqueIdentifier>
    </Filter>
    <Filter Include="Resource Files\Textures">
      <UniqueIdentifier>{34508b82-3444-441e-a17f-7d7ae2d92ffb}</UniqueIdentifier>
    </Filter>
    <Filter Include="Header Files\Window">
      <UniqueIdentifier>{9f3849eb-ea52-48d9-9848-757f2e12bd03}</UniqueIdentifier>
    </Filter>
    <Filter Include="Source Files\Window">
      <UniqueIdentifier>{b6bbe03c-9ea3-45f7-a3a6-db33cbfb6af1}</UniqueIdentifier>
    </Filter>
    <Filter Include="Header Files\Graphics">
      <UniqueIdentifier>{858bb113-1944-43f4-8b43-0210fdaf19c3}</UniqueIdentifier>
    </Filter>
    <Filter Include="Source Files\Graphics">
      <UniqueIdentifier>{533cc649-6bd5-4b4a-b239-4e27f0351db1}</UniqueIdentifier>
    </Filter>
    <Filter Include="Header Files\Input">
      <UniqueIdentifier>{243cd237-f630-4b82-8c50-2a377ad39817}</UniqueIdentifier>
    </Filter>
    <Filter Include="Source Files\Input">
      <UniqueIdentifier>{4589da5a-8dd4-4e23-bd76-434989ba4a5b}</UniqueIdentifier>
    </Filter>
    <Filter Include="Header Files\Graphics\Data">
      <UniqueIdentifier>{9af4e363-3a65-49d5-af92-e10e5d70a317}</UniqueIdentifier>
    </Filter>
    <Filter Include="Resource Files\ImGui">
      <UniqueIdentifier>{2def405a-a3e7-4da8-b1a5-4cf1cafa165e}</UniqueIdentifier>
    </Filter>
    <Filter Include="Header Files\Model">
      <UniqueIdentifier>{0bd471e8-aaff-4024-9197-ce66bed7c34b}</UniqueIdentifier>
    </Filter>
    <Filter Include="Source Files\Model">
      <UniqueIdentifier>{aa003111-c366-4ad4-9c4c-3df949b16c0f}</UniqueIdentifier>
    </Filter>
    <Filter Include="Header Files\Objects">
      <UniqueIdentifier>{d4deacd9-f14c-4182-886e-b7e8b5daf9cc}</UniqueIdentifier>
    </Filter>
    <Filter Include="Source Files\Objects">
      <UniqueIdentifier>{d9a5d807-2da0-449f-9a58-fc918f421be1}</UniqueIdentifier>
    </Filter>
    <Filter Include="Header Files\Objects\Managers">
      <UniqueIdentifier>{dd3ac13b-664e-44c7-8503-2a680cba499d}</UniqueIdentifier>
    </Filter>
    <Filter Include="Source Files\Objects\Managers">
      <UniqueIdentifier>{1f59e1ea-23b1-4e50-bfdf-4a33c3389c86}</UniqueIdentifier>
    </Filter>
    <Filter Include="Header Files\Utility\Logging">
      <UniqueIdentifier>{4c10ba4b-0c25-4945-98de-5ef3f5a97bd1}</UniqueIdentifier>
    </Filter>
    <Filter Include="Source Files\Utility\Logging">
      <UniqueIdentifier>{5cf93832-8a78-42f5-87f4-8eea8392169a}</UniqueIdentifier>
    </Filter>
    <Filter Include="Resource Files\Miscellaneous">
      <UniqueIdentifier>{28442943-1f12-49d9-8126-f9b300331c05}</UniqueIdentifier>
    </Filter>
    <Filter Include="Resource Files\Cursors">
      <UniqueIdentifier>{e3b086e0-1683-4f99-90cc-95986a6c332a}</UniqueIdentifier>
    </Filter>
    <Filter Include="Resource Files\Cursors\Bonus">
      <UniqueIdentifier>{e2b37bbe-b64a-4efc-873b-64a7d4fafa65}</UniqueIdentifier>
    </Filter>
    <Filter Include="Header Files\Objects\Lights">
      <UniqueIdentifier>{f31af59b-81e3-44f0-bed1-bfd6829e742e}</UniqueIdentifier>
    </Filter>
    <Filter Include="Source Files\Objects\Lights">
      <UniqueIdentifier>{1675194d-c52e-4038-8f1e-f1a9926b7829}</UniqueIdentifier>
    </Filter>
    <Filter Include="Header Files\Graphics\Bindables">
      <UniqueIdentifier>{55c4c676-3769-4417-a4f1-4c5a4a77286c}</UniqueIdentifier>
    </Filter>
    <Filter Include="Header Files\Graphics\Buffers">
      <UniqueIdentifier>{fc7ead9b-8f06-4e88-86b1-4a144710ff25}</UniqueIdentifier>
    </Filter>
  </ItemGroup>
  <ItemGroup>
    <ClCompile Include="WinMain.cpp">
      <Filter>Source Files</Filter>
    </ClCompile>
    <ClCompile Include="Application.cpp">
      <Filter>Source Files</Filter>
    </ClCompile>
    <ClCompile Include="..\External\imgui\imgui.cpp">
      <Filter>Resource Files\ImGui</Filter>
    </ClCompile>
    <ClCompile Include="..\External\imgui\imgui_draw.cpp">
      <Filter>Resource Files\ImGui</Filter>
    </ClCompile>
    <ClCompile Include="..\External\imgui\imgui_impl_dx11.cpp">
      <Filter>Resource Files\ImGui</Filter>
    </ClCompile>
    <ClCompile Include="..\External\imgui\imgui_impl_win32.cpp">
      <Filter>Resource Files\ImGui</Filter>
    </ClCompile>
    <ClCompile Include="..\External\imgui\imgui_widgets.cpp">
      <Filter>Resource Files\ImGui</Filter>
    </ClCompile>
    <ClCompile Include="Graphics\ImGuiManager.cpp">
      <Filter>Source Files\Graphics</Filter>
    </ClCompile>
    <ClCompile Include="Graphics\Shaders.cpp">
      <Filter>Source Files\Graphics</Filter>
    </ClCompile>
    <ClCompile Include="Graphics\Graphics.cpp">
      <Filter>Source Files\Graphics</Filter>
    </ClCompile>
    <ClCompile Include="Input\Mouse.cpp">
      <Filter>Source Files\Input</Filter>
    </ClCompile>
    <ClCompile Include="Input\Keyboard.cpp">
      <Filter>Source Files\Input</Filter>
    </ClCompile>
    <ClCompile Include="Model\Colour.cpp">
      <Filter>Source Files\Model</Filter>
    </ClCompile>
    <ClCompile Include="Model\Mesh.cpp">
      <Filter>Source Files\Model</Filter>
    </ClCompile>
    <ClCompile Include="Model\Model.cpp">
      <Filter>Source Files\Model</Filter>
    </ClCompile>
    <ClCompile Include="Model\Texture.cpp">
      <Filter>Source Files\Model</Filter>
    </ClCompile>
    <ClCompile Include="Utility\stdafx.cpp">
      <Filter>Source Files\Utility</Filter>
    </ClCompile>
    <ClCompile Include="Window\RenderWindow.cpp">
      <Filter>Source Files\Window</Filter>
    </ClCompile>
    <ClCompile Include="Window\WindowContainer.cpp">
      <Filter>Source Files\Window</Filter>
    </ClCompile>
    <ClCompile Include="Objects\Camera.cpp">
      <Filter>Source Files\Objects</Filter>
    </ClCompile>
    <ClCompile Include="Objects\RenderableGameObject.cpp">
      <Filter>Source Files\Objects\Managers</Filter>
    </ClCompile>
    <ClCompile Include="Objects\GameObject3D.cpp">
      <Filter>Source Files\Objects\Managers</Filter>
    </ClCompile>
    <ClCompile Include="Objects\GameObject.cpp">
      <Filter>Source Files\Objects\Managers</Filter>
    </ClCompile>
    <ClCompile Include="Objects\Cube.cpp">
      <Filter>Source Files\Objects</Filter>
    </ClCompile>
    <ClCompile Include="Utility\ErrorLogger.cpp">
      <Filter>Source Files\Utility\Logging</Filter>
    </ClCompile>
    <ClCompile Include="Utility\StringConverter.cpp">
      <Filter>Source Files\Utility\Logging</Filter>
    </ClCompile>
    <ClCompile Include="Utility\Timer.cpp">
      <Filter>Source Files\Utility</Filter>
    </ClCompile>
    <ClCompile Include="Input\MousePicking.cpp">
      <Filter>Source Files\Input</Filter>
    </ClCompile>
    <ClCompile Include="Objects\DirectionalLight.cpp">
      <Filter>Source Files\Objects\Lights</Filter>
    </ClCompile>
    <ClCompile Include="Objects\PointLight.cpp">
      <Filter>Source Files\Objects\Lights</Filter>
    </ClCompile>
    <ClCompile Include="Objects\Light.cpp">
      <Filter>Source Files\Objects\Lights</Filter>
    </ClCompile>
    <ClCompile Include="Objects\SpotLight.cpp">
      <Filter>Source Files\Objects\Lights</Filter>
    </ClCompile>
    <ClCompile Include="Utility\Collisions.cpp">
      <Filter>Source Files\Utility</Filter>
    </ClCompile>
    <ClCompile Include="Objects\Camera2D.cpp">
      <Filter>Source Files\Objects</Filter>
    </ClCompile>
    <ClCompile Include="Objects\GameObject2D.cpp">
      <Filter>Source Files\Objects\Managers</Filter>
    </ClCompile>
    <ClCompile Include="Objects\Sprite.cpp">
      <Filter>Source Files\Objects</Filter>
    </ClCompile>
  </ItemGroup>
  <ItemGroup>
    <ClInclude Include="Application.h">
      <Filter>Header Files</Filter>
    </ClInclude>
    <ClInclude Include="..\External\imgui\imconfig.h">
      <Filter>Resource Files\ImGui</Filter>
    </ClInclude>
    <ClInclude Include="..\External\imgui\imgui.h">
      <Filter>Resource Files\ImGui</Filter>
    </ClInclude>
    <ClInclude Include="..\External\imgui\imgui_impl_dx11.h">
      <Filter>Resource Files\ImGui</Filter>
    </ClInclude>
    <ClInclude Include="..\External\imgui\imgui_impl_win32.h">
      <Filter>Resource Files\ImGui</Filter>
    </ClInclude>
    <ClInclude Include="..\External\imgui\imgui_internal.h">
      <Filter>Resource Files\ImGui</Filter>
    </ClInclude>
    <ClInclude Include="..\External\imgui\imstb_rectpack.h">
      <Filter>Resource Files\ImGui</Filter>
    </ClInclude>
    <ClInclude Include="..\External\imgui\imstb_textedit.h">
      <Filter>Resource Files\ImGui</Filter>
    </ClInclude>
    <ClInclude Include="..\External\imgui\imstb_truetype.h">
      <Filter>Resource Files\ImGui</Filter>
    </ClInclude>
    <ClInclude Include="Graphics\Vertices.h">
      <Filter>Header Files\Graphics\Data</Filter>
    </ClInclude>
    <ClInclude Include="Graphics\Indices.h">
      <Filter>Header Files\Graphics\Data</Filter>
    </ClInclude>
    <ClInclude Include="Graphics\Graphics.h">
      <Filter>Header Files\Graphics</Filter>
    </ClInclude>
    <ClInclude Include="Graphics\ImGuiManager.h">
      <Filter>Header Files\Graphics</Filter>
    </ClInclude>
    <ClInclude Include="Graphics\Shaders.h">
      <Filter>Header Files\Graphics</Filter>
    </ClInclude>
    <ClInclude Include="Input\Keyboard.h">
      <Filter>Header Files\Input</Filter>
    </ClInclude>
    <ClInclude Include="Input\Mouse.h">
      <Filter>Header Files\Input</Filter>
    </ClInclude>
    <ClInclude Include="Model\Mesh.h">
      <Filter>Header Files\Model</Filter>
    </ClInclude>
    <ClInclude Include="Model\Model.h">
      <Filter>Header Files\Model</Filter>
    </ClInclude>
    <ClInclude Include="Model\Texture.h">
      <Filter>Header Files\Model</Filter>
    </ClInclude>
    <ClInclude Include="Model\Colour.h">
      <Filter>Header Files\Model</Filter>
    </ClInclude>
    <ClInclude Include="Utility\stdafx.h">
      <Filter>Header Files\Utility</Filter>
    </ClInclude>
    <ClInclude Include="Utility\Timer.h">
      <Filter>Header Files\Utility</Filter>
    </ClInclude>
    <ClInclude Include="Window\RenderWindow.h">
      <Filter>Header Files\Window</Filter>
    </ClInclude>
    <ClInclude Include="Window\WindowContainer.h">
      <Filter>Header Files\Window</Filter>
    </ClInclude>
    <ClInclude Include="Objects\RenderableGameObject.h">
      <Filter>Header Files\Objects\Managers</Filter>
    </ClInclude>
    <ClInclude Include="Objects\GameObject3D.h">
      <Filter>Header Files\Objects\Managers</Filter>
    </ClInclude>
    <ClInclude Include="Objects\GameObject.h">
      <Filter>Header Files\Objects\Managers</Filter>
    </ClInclude>
    <ClInclude Include="Objects\Camera.h">
      <Filter>Header Files\Objects</Filter>
    </ClInclude>
    <ClInclude Include="Input\CameraMovement.h">
      <Filter>Header Files\Input</Filter>
    </ClInclude>
    <ClInclude Include="Objects\Cube.h">
      <Filter>Header Files\Objects</Filter>
    </ClInclude>
    <ClInclude Include="Utility\ErrorLogger.h">
      <Filter>Header Files\Utility\Logging</Filter>
    </ClInclude>
    <ClInclude Include="Utility\COMException.h">
      <Filter>Header Files\Utility\Logging</Filter>
    </ClInclude>
    <ClInclude Include="Utility\StringConverter.h">
      <Filter>Header Files\Utility\Logging</Filter>
    </ClInclude>
    <ClInclude Include="Utility\Billboard.h">
      <Filter>Header Files\Utility</Filter>
    </ClInclude>
    <ClInclude Include="Input\MousePicking.h">
      <Filter>Header Files\Input</Filter>
    </ClInclude>
    <ClInclude Include="Model\ModelData.h">
      <Filter>Header Files\Model</Filter>
    </ClInclude>
    <ClInclude Include="resource.h">
      <Filter>Resource Files\Miscellaneous</Filter>
    </ClInclude>
    <ClInclude Include="Objects\PointLight.h">
      <Filter>Header Files\Objects\Lights</Filter>
    </ClInclude>
    <ClInclude Include="Objects\DirectionalLight.h">
      <Filter>Header Files\Objects\Lights</Filter>
    </ClInclude>
    <ClInclude Include="Objects\Light.h">
      <Filter>Header Files\Objects\Lights</Filter>
    </ClInclude>
    <ClInclude Include="Objects\SpotLight.h">
      <Filter>Header Files\Objects\Lights</Filter>
    </ClInclude>
    <ClInclude Include="Utility\Collisions.h">
      <Filter>Header Files\Utility</Filter>
    </ClInclude>
    <ClInclude Include="Objects\Camera2D.h">
      <Filter>Header Files\Objects</Filter>
    </ClInclude>
    <ClInclude Include="Objects\GameObject2D.h">
      <Filter>Header Files\Objects\Managers</Filter>
    </ClInclude>
    <ClInclude Include="Graphics\Blender.h">
      <Filter>Header Files\Graphics\Bindables</Filter>
    </ClInclude>
    <ClInclude Include="Graphics\DepthStencil.h">
      <Filter>Header Files\Graphics\Bindables</Filter>
    </ClInclude>
    <ClInclude Include="Graphics\GraphicsResource.h">
      <Filter>Header Files\Graphics\Bindables</Filter>
    </ClInclude>
    <ClInclude Include="Graphics\Rasterizer.h">
      <Filter>Header Files\Graphics\Bindables</Filter>
    </ClInclude>
    <ClInclude Include="Graphics\RenderTarget.h">
      <Filter>Header Files\Graphics\Bindables</Filter>
    </ClInclude>
    <ClInclude Include="Graphics\Sampler.h">
      <Filter>Header Files\Graphics\Bindables</Filter>
    </ClInclude>
    <ClInclude Include="Graphics\Stencil.h">
      <Filter>Header Files\Graphics\Bindables</Filter>
    </ClInclude>
    <ClInclude Include="Graphics\SwapChain.h">
      <Filter>Header Files\Graphics\Bindables</Filter>
    </ClInclude>
    <ClInclude Include="Graphics\Viewport.h">
      <Filter>Header Files\Graphics\Bindables</Filter>
    </ClInclude>
    <ClInclude Include="Graphics\VertexBuffer.h">
      <Filter>Header Files\Graphics\Buffers</Filter>
    </ClInclude>
    <ClInclude Include="Graphics\IndexBuffer.h">
      <Filter>Header Files\Graphics\Buffers</Filter>
    </ClInclude>
    <ClInclude Include="Graphics\ConstantBufferTypes.h">
      <Filter>Header Files\Graphics\Buffers</Filter>
    </ClInclude>
    <ClInclude Include="Graphics\ConstantBuffer.h">
      <Filter>Header Files\Graphics\Buffers</Filter>
    </ClInclude>
    <ClInclude Include="Graphics\VertexType.h">
      <Filter>Header Files\Graphics\Buffers</Filter>
    </ClInclude>
    <ClInclude Include="Objects\Sprite.h">
      <Filter>Header Files\Objects</Filter>
    </ClInclude>
    <ClInclude Include="Graphics\InputLayout.h">
      <Filter>Header Files\Graphics\Bindables</Filter>
    </ClInclude>
  </ItemGroup>
  <ItemGroup>
    <FxCompile Include="Resources\Shaders\Primitive_Col.fx">
      <Filter>Resource Files\Shaders</Filter>
    </FxCompile>
    <FxCompile Include="Resources\Shaders\Primitive_Tex.fx">
      <Filter>Resource Files\Shaders</Filter>
    </FxCompile>
    <FxCompile Include="Resources\Shaders\Primitive_Nrm.fx">
      <Filter>Resource Files\Shaders</Filter>
    </FxCompile>
    <FxCompile Include="Resources\Shaders\Primitive_NoNrm.fx">
      <Filter>Resource Files\Shaders</Filter>
    </FxCompile>
    <FxCompile Include="Resources\Shaders\Primitive_Outline.fx">
      <Filter>Resource Files\Shaders</Filter>
    </FxCompile>
    <FxCompile Include="Resources\Shaders\Sprite.fx">
      <Filter>Resource Files\Shaders</Filter>
    </FxCompile>
    <FxCompile Include="Resources\Shaders\Sprite_Discard.fx">
      <Filter>Resource Files\Shaders</Filter>
    </FxCompile>
  </ItemGroup>
  <ItemGroup>
    <Image Include="Resources\Textures\CrashBox.png">
      <Filter>Resource Files\Textures</Filter>
    </Image>
    <Image Include="Resources\Controller.ico">
      <Filter>Resource Files\Miscellaneous</Filter>
    </Image>
  </ItemGroup>
  <ItemGroup>
    <ResourceCompile Include="DX11 Game.rc">
      <Filter>Resource Files\Miscellaneous</Filter>
    </ResourceCompile>
  </ItemGroup>
  <ItemGroup>
    <None Include="Resources\Objects.json">
      <Filter>Resource Files\Miscellaneous</Filter>
    </None>
    <None Include="Resources\Cursors\NightDiamond\Busy.ani">
      <Filter>Resource Files\Cursors</Filter>
    </None>
    <None Include="Resources\Cursors\NightDiamond\Move.ani">
      <Filter>Resource Files\Cursors</Filter>
    </None>
    <None Include="Resources\Cursors\NightDiamond\Handwriting.ani">
      <Filter>Resource Files\Cursors</Filter>
    </None>
    <None Include="Resources\Cursors\NightDiamond\Help Select.ani">
      <Filter>Resource Files\Cursors</Filter>
    </None>
    <None Include="Resources\Cursors\NightDiamond\Horizontal Resize.ani">
      <Filter>Resource Files\Cursors</Filter>
    </None>
    <None Include="Resources\Cursors\NightDiamond\Link Select.ani">
      <Filter>Resource Files\Cursors</Filter>
    </None>
    <None Include="Resources\Cursors\NightDiamond\Normal Select.ani">
      <Filter>Resource Files\Cursors</Filter>
    </None>
    <None Include="Resources\Cursors\NightDiamond\Precision Select.ani">
      <Filter>Resource Files\Cursors</Filter>
    </None>
    <None Include="Resources\Cursors\NightDiamond\Text Select.ani">
      <Filter>Resource Files\Cursors</Filter>
    </None>
    <None Include="Resources\Cursors\NightDiamond\Unavailable.ani">
      <Filter>Resource Files\Cursors</Filter>
    </None>
    <None Include="Resources\Cursors\NightDiamond\Vertical Resize.ani">
      <Filter>Resource Files\Cursors</Filter>
    </None>
    <None Include="Resources\Cursors\NightDiamond\Working In Background.ani">
      <Filter>Resource Files\Cursors</Filter>
    </None>
    <None Include="Resources\Cursors\NightDiamond\Alternate Select.ani">
      <Filter>Resource Files\Cursors</Filter>
    </None>
    <None Include="Resources\Cursors\NightDiamond\Diagonal Resize 1.ani">
      <Filter>Resource Files\Cursors</Filter>
    </None>
    <None Include="Resources\Cursors\NightDiamond\Diagonal Resize 2.ani">
      <Filter>Resource Files\Cursors</Filter>
    </None>
    <None Include="Resources\Cursors\NightDiamond\Bonus\Working In Background (Bonus).ani">
      <Filter>Resource Files\Cursors\Bonus</Filter>
    </None>
    <None Include="Resources\Cursors\NightDiamond\Bonus\Busy (Bonus).ani">
      <Filter>Resource Files\Cursors\Bonus</Filter>
    </None>
    <None Include="Resources\Cursors\NightDiamond\Bonus\Link Select (Bonus).ani">
      <Filter>Resource Files\Cursors\Bonus</Filter>
    </None>
    <None Include="Resources\Cursors\NightDiamond\Bonus\Text Select (Bonus).ani">
      <Filter>Resource Files\Cursors\Bonus</Filter>
    </None>
    <None Include="Resources\Cursors\NightDiamond\Bonus\Unavailable (Bonus).ani">
      <Filter>Resource Files\Cursors\Bonus</Filter>
    </None>
  </ItemGroup>
</Project>